// !$*UTF8*$!
{
	archiveVersion = 1;
	classes = {
	};
	objectVersion = 55;
	objects = {

/* Begin PBXBuildFile section */
		013DBE88288078B4001E0CC8 /* main.swift in Sources */ = {isa = PBXBuildFile; fileRef = 013DBE87288078B4001E0CC8 /* main.swift */; };
		013DBE8A28807E7A001E0CC8 /* Info.plist in Resources */ = {isa = PBXBuildFile; fileRef = 013DBE8928807E7A001E0CC8 /* Info.plist */; };
		015C1133289008F900EDB52B /* Main.storyboard in Resources */ = {isa = PBXBuildFile; fileRef = 015C1132289008F900EDB52B /* Main.storyboard */; };
		015C113528900EDB00EDB52B /* HelperAppVC.swift in Sources */ = {isa = PBXBuildFile; fileRef = 015C113428900EDB00EDB52B /* HelperAppVC.swift */; };
		016C529F28902C4900E4D165 /* SettingsView.swift in Sources */ = {isa = PBXBuildFile; fileRef = 016C529E28902C4900E4D165 /* SettingsView.swift */; };
		019FDA4128805B4400E34F43 /* AppDelegate.swift in Sources */ = {isa = PBXBuildFile; fileRef = 019FDA4028805B4400E34F43 /* AppDelegate.swift */; };
		019FDA4328805B4400E34F43 /* ViewController.swift in Sources */ = {isa = PBXBuildFile; fileRef = 019FDA4228805B4400E34F43 /* ViewController.swift */; };
		019FDA4528805B4500E34F43 /* Assets.xcassets in Resources */ = {isa = PBXBuildFile; fileRef = 019FDA4428805B4500E34F43 /* Assets.xcassets */; };
/* End PBXBuildFile section */

/* Begin PBXFileReference section */
		013DBE87288078B4001E0CC8 /* main.swift */ = {isa = PBXFileReference; fileEncoding = 4; lastKnownFileType = sourcecode.swift; path = main.swift; sourceTree = "<group>"; };
		013DBE8928807E7A001E0CC8 /* Info.plist */ = {isa = PBXFileReference; lastKnownFileType = text.plist.xml; path = Info.plist; sourceTree = "<group>"; };
		015C1132289008F900EDB52B /* Main.storyboard */ = {isa = PBXFileReference; lastKnownFileType = file.storyboard; path = Main.storyboard; sourceTree = "<group>"; };
		015C113428900EDB00EDB52B /* HelperAppVC.swift */ = {isa = PBXFileReference; lastKnownFileType = sourcecode.swift; path = HelperAppVC.swift; sourceTree = "<group>"; };
		016C529E28902C4900E4D165 /* SettingsView.swift */ = {isa = PBXFileReference; lastKnownFileType = sourcecode.swift; path = SettingsView.swift; sourceTree = "<group>"; };
		019FDA3D28805B4400E34F43 /* MacAppWithHelperApp.app */ = {isa = PBXFileReference; explicitFileType = wrapper.application; includeInIndex = 0; path = MacAppWithHelperApp.app; sourceTree = BUILT_PRODUCTS_DIR; };
		019FDA4028805B4400E34F43 /* AppDelegate.swift */ = {isa = PBXFileReference; lastKnownFileType = sourcecode.swift; path = AppDelegate.swift; sourceTree = "<group>"; };
		019FDA4228805B4400E34F43 /* ViewController.swift */ = {isa = PBXFileReference; lastKnownFileType = sourcecode.swift; path = ViewController.swift; sourceTree = "<group>"; };
		019FDA4428805B4500E34F43 /* Assets.xcassets */ = {isa = PBXFileReference; lastKnownFileType = folder.assetcatalog; path = Assets.xcassets; sourceTree = "<group>"; };
		019FDA4928805B4500E34F43 /* MacAppWithHelperApp.entitlements */ = {isa = PBXFileReference; lastKnownFileType = text.plist.entitlements; path = MacAppWithHelperApp.entitlements; sourceTree = "<group>"; };
/* End PBXFileReference section */

/* Begin PBXFrameworksBuildPhase section */
		019FDA3A28805B4400E34F43 /* Frameworks */ = {
			isa = PBXFrameworksBuildPhase;
			buildActionMask = 2147483647;
			files = (
			);
			runOnlyForDeploymentPostprocessing = 0;
		};
/* End PBXFrameworksBuildPhase section */

/* Begin PBXGroup section */
		019FDA3428805B4400E34F43 = {
			isa = PBXGroup;
			children = (
				019FDA3F28805B4400E34F43 /* MacAppWithHelperApp */,
				019FDA3E28805B4400E34F43 /* Products */,
			);
			sourceTree = "<group>";
		};
		019FDA3E28805B4400E34F43 /* Products */ = {
			isa = PBXGroup;
			children = (
				019FDA3D28805B4400E34F43 /* MacAppWithHelperApp.app */,
			);
			name = Products;
			sourceTree = "<group>";
		};
		019FDA3F28805B4400E34F43 /* MacAppWithHelperApp */ = {
			isa = PBXGroup;
			children = (
				019FDA4028805B4400E34F43 /* AppDelegate.swift */,
				019FDA4228805B4400E34F43 /* ViewController.swift */,
				019FDA4428805B4500E34F43 /* Assets.xcassets */,
				019FDA4928805B4500E34F43 /* MacAppWithHelperApp.entitlements */,
				013DBE87288078B4001E0CC8 /* main.swift */,
				013DBE8928807E7A001E0CC8 /* Info.plist */,
				015C1132289008F900EDB52B /* Main.storyboard */,
				015C113428900EDB00EDB52B /* HelperAppVC.swift */,
				016C529E28902C4900E4D165 /* SettingsView.swift */,
			);
			path = MacAppWithHelperApp;
			sourceTree = "<group>";
		};
/* End PBXGroup section */

/* Begin PBXNativeTarget section */
		019FDA3C28805B4400E34F43 /* MacAppWithHelperApp */ = {
			isa = PBXNativeTarget;
			buildConfigurationList = 019FDA4C28805B4500E34F43 /* Build configuration list for PBXNativeTarget "MacAppWithHelperApp" */;
			buildPhases = (
				019FDA3928805B4400E34F43 /* Sources */,
				019FDA3A28805B4400E34F43 /* Frameworks */,
				019FDA3B28805B4400E34F43 /* Resources */,
			);
			buildRules = (
			);
			dependencies = (
			);
			name = MacAppWithHelperApp;
			productName = MacAppWithHelperApp;
			productReference = 019FDA3D28805B4400E34F43 /* MacAppWithHelperApp.app */;
			productType = "com.apple.product-type.application";
		};
/* End PBXNativeTarget section */

/* Begin PBXProject section */
		019FDA3528805B4400E34F43 /* Project object */ = {
			isa = PBXProject;
			attributes = {
				BuildIndependentTargetsInParallel = 1;
				LastSwiftUpdateCheck = 1340;
				LastUpgradeCheck = 1340;
				TargetAttributes = {
					019FDA3C28805B4400E34F43 = {
						CreatedOnToolsVersion = 13.4.1;
					};
				};
			};
			buildConfigurationList = 019FDA3828805B4400E34F43 /* Build configuration list for PBXProject "MacAppWithHelperApp" */;
			compatibilityVersion = "Xcode 13.0";
			developmentRegion = en;
			hasScannedForEncodings = 0;
			knownRegions = (
				en,
				Base,
			);
			mainGroup = 019FDA3428805B4400E34F43;
			productRefGroup = 019FDA3E28805B4400E34F43 /* Products */;
			projectDirPath = "";
			projectRoot = "";
			targets = (
				019FDA3C28805B4400E34F43 /* MacAppWithHelperApp */,
			);
		};
/* End PBXProject section */

/* Begin PBXResourcesBuildPhase section */
		019FDA3B28805B4400E34F43 /* Resources */ = {
			isa = PBXResourcesBuildPhase;
			buildActionMask = 2147483647;
			files = (
				013DBE8A28807E7A001E0CC8 /* Info.plist in Resources */,
				019FDA4528805B4500E34F43 /* Assets.xcassets in Resources */,
				015C1133289008F900EDB52B /* Main.storyboard in Resources */,
			);
			runOnlyForDeploymentPostprocessing = 0;
		};
/* End PBXResourcesBuildPhase section */

/* Begin PBXSourcesBuildPhase section */
		019FDA3928805B4400E34F43 /* Sources */ = {
			isa = PBXSourcesBuildPhase;
			buildActionMask = 2147483647;
			files = (
				016C529F28902C4900E4D165 /* SettingsView.swift in Sources */,
				019FDA4328805B4400E34F43 /* ViewController.swift in Sources */,
				019FDA4128805B4400E34F43 /* AppDelegate.swift in Sources */,
				015C113528900EDB00EDB52B /* HelperAppVC.swift in Sources */,
				013DBE88288078B4001E0CC8 /* main.swift in Sources */,
			);
			runOnlyForDeploymentPostprocessing = 0;
		};
/* End PBXSourcesBuildPhase section */

/* Begin XCBuildConfiguration section */
		019FDA4A28805B4500E34F43 /* Debug */ = {
			isa = XCBuildConfiguration;
			buildSettings = {
				ALWAYS_SEARCH_USER_PATHS = NO;
				CLANG_ANALYZER_NONNULL = YES;
				CLANG_ANALYZER_NUMBER_OBJECT_CONVERSION = YES_AGGRESSIVE;
				CLANG_CXX_LANGUAGE_STANDARD = "gnu++17";
				CLANG_ENABLE_MODULES = YES;
				CLANG_ENABLE_OBJC_ARC = YES;
				CLANG_ENABLE_OBJC_WEAK = YES;
				CLANG_WARN_BLOCK_CAPTURE_AUTORELEASING = YES;
				CLANG_WARN_BOOL_CONVERSION = YES;
				CLANG_WARN_COMMA = YES;
				CLANG_WARN_CONSTANT_CONVERSION = YES;
				CLANG_WARN_DEPRECATED_OBJC_IMPLEMENTATIONS = YES;
				CLANG_WARN_DIRECT_OBJC_ISA_USAGE = YES_ERROR;
				CLANG_WARN_DOCUMENTATION_COMMENTS = YES;
				CLANG_WARN_EMPTY_BODY = YES;
				CLANG_WARN_ENUM_CONVERSION = YES;
				CLANG_WARN_INFINITE_RECURSION = YES;
				CLANG_WARN_INT_CONVERSION = YES;
				CLANG_WARN_NON_LITERAL_NULL_CONVERSION = YES;
				CLANG_WARN_OBJC_IMPLICIT_RETAIN_SELF = YES;
				CLANG_WARN_OBJC_LITERAL_CONVERSION = YES;
				CLANG_WARN_OBJC_ROOT_CLASS = YES_ERROR;
				CLANG_WARN_QUOTED_INCLUDE_IN_FRAMEWORK_HEADER = YES;
				CLANG_WARN_RANGE_LOOP_ANALYSIS = YES;
				CLANG_WARN_STRICT_PROTOTYPES = YES;
				CLANG_WARN_SUSPICIOUS_MOVE = YES;
				CLANG_WARN_UNGUARDED_AVAILABILITY = YES_AGGRESSIVE;
				CLANG_WARN_UNREACHABLE_CODE = YES;
				CLANG_WARN__DUPLICATE_METHOD_MATCH = YES;
				COPY_PHASE_STRIP = NO;
				DEBUG_INFORMATION_FORMAT = dwarf;
				ENABLE_STRICT_OBJC_MSGSEND = YES;
				ENABLE_TESTABILITY = YES;
				GCC_C_LANGUAGE_STANDARD = gnu11;
				GCC_DYNAMIC_NO_PIC = NO;
				GCC_NO_COMMON_BLOCKS = YES;
				GCC_OPTIMIZATION_LEVEL = 0;
				GCC_PREPROCESSOR_DEFINITIONS = (
					"DEBUG=1",
					"$(inherited)",
				);
				GCC_WARN_64_TO_32_BIT_CONVERSION = YES;
				GCC_WARN_ABOUT_RETURN_TYPE = YES_ERROR;
				GCC_WARN_UNDECLARED_SELECTOR = YES;
				GCC_WARN_UNINITIALIZED_AUTOS = YES_AGGRESSIVE;
				GCC_WARN_UNUSED_FUNCTION = YES;
				GCC_WARN_UNUSED_VARIABLE = YES;
				MACOSX_DEPLOYMENT_TARGET = 12.3;
				MTL_ENABLE_DEBUG_INFO = INCLUDE_SOURCE;
				MTL_FAST_MATH = YES;
				ONLY_ACTIVE_ARCH = YES;
				SDKROOT = macosx;
				SWIFT_ACTIVE_COMPILATION_CONDITIONS = DEBUG;
				SWIFT_OPTIMIZATION_LEVEL = "-Onone";
			};
			name = Debug;
		};
		019FDA4B28805B4500E34F43 /* Release */ = {
			isa = XCBuildConfiguration;
			buildSettings = {
				ALWAYS_SEARCH_USER_PATHS = NO;
				CLANG_ANALYZER_NONNULL = YES;
				CLANG_ANALYZER_NUMBER_OBJECT_CONVERSION = YES_AGGRESSIVE;
				CLANG_CXX_LANGUAGE_STANDARD = "gnu++17";
				CLANG_ENABLE_MODULES = YES;
				CLANG_ENABLE_OBJC_ARC = YES;
				CLANG_ENABLE_OBJC_WEAK = YES;
				CLANG_WARN_BLOCK_CAPTURE_AUTORELEASING = YES;
				CLANG_WARN_BOOL_CONVERSION = YES;
				CLANG_WARN_COMMA = YES;
				CLANG_WARN_CONSTANT_CONVERSION = YES;
				CLANG_WARN_DEPRECATED_OBJC_IMPLEMENTATIONS = YES;
				CLANG_WARN_DIRECT_OBJC_ISA_USAGE = YES_ERROR;
				CLANG_WARN_DOCUMENTATION_COMMENTS = YES;
				CLANG_WARN_EMPTY_BODY = YES;
				CLANG_WARN_ENUM_CONVERSION = YES;
				CLANG_WARN_INFINITE_RECURSION = YES;
				CLANG_WARN_INT_CONVERSION = YES;
				CLANG_WARN_NON_LITERAL_NULL_CONVERSION = YES;
				CLANG_WARN_OBJC_IMPLICIT_RETAIN_SELF = YES;
				CLANG_WARN_OBJC_LITERAL_CONVERSION = YES;
				CLANG_WARN_OBJC_ROOT_CLASS = YES_ERROR;
				CLANG_WARN_QUOTED_INCLUDE_IN_FRAMEWORK_HEADER = YES;
				CLANG_WARN_RANGE_LOOP_ANALYSIS = YES;
				CLANG_WARN_STRICT_PROTOTYPES = YES;
				CLANG_WARN_SUSPICIOUS_MOVE = YES;
				CLANG_WARN_UNGUARDED_AVAILABILITY = YES_AGGRESSIVE;
				CLANG_WARN_UNREACHABLE_CODE = YES;
				CLANG_WARN__DUPLICATE_METHOD_MATCH = YES;
				COPY_PHASE_STRIP = NO;
				DEBUG_INFORMATION_FORMAT = "dwarf-with-dsym";
				ENABLE_NS_ASSERTIONS = NO;
				ENABLE_STRICT_OBJC_MSGSEND = YES;
				GCC_C_LANGUAGE_STANDARD = gnu11;
				GCC_NO_COMMON_BLOCKS = YES;
				GCC_WARN_64_TO_32_BIT_CONVERSION = YES;
				GCC_WARN_ABOUT_RETURN_TYPE = YES_ERROR;
				GCC_WARN_UNDECLARED_SELECTOR = YES;
				GCC_WARN_UNINITIALIZED_AUTOS = YES_AGGRESSIVE;
				GCC_WARN_UNUSED_FUNCTION = YES;
				GCC_WARN_UNUSED_VARIABLE = YES;
				MACOSX_DEPLOYMENT_TARGET = 12.3;
				MTL_ENABLE_DEBUG_INFO = NO;
				MTL_FAST_MATH = YES;
				SDKROOT = macosx;
				SWIFT_COMPILATION_MODE = wholemodule;
				SWIFT_OPTIMIZATION_LEVEL = "-O";
			};
			name = Release;
		};
		019FDA4D28805B4500E34F43 /* Debug */ = {
			isa = XCBuildConfiguration;
			buildSettings = {
				ASSETCATALOG_COMPILER_APPICON_NAME = AppIcon;
				ASSETCATALOG_COMPILER_GLOBAL_ACCENT_COLOR_NAME = AccentColor;
				CODE_SIGN_ENTITLEMENTS = MacAppWithHelperApp/MacAppWithHelperApp.entitlements;
				CODE_SIGN_STYLE = Automatic;
				COMBINE_HIDPI_IMAGES = YES;
				CURRENT_PROJECT_VERSION = 1;
				DEVELOPMENT_TEAM = KCL29RH4A8;
				ENABLE_HARDENED_RUNTIME = YES;
				GENERATE_INFOPLIST_FILE = YES;
				INFOPLIST_FILE = MacAppWithHelperApp/Info.plist;
				INFOPLIST_KEY_NSHumanReadableCopyright = "";
				INFOPLIST_KEY_NSPrincipalClass = NSApplication;
				LD_RUNPATH_SEARCH_PATHS = (
					"$(inherited)",
					"@executable_path/../Frameworks",
				);
				MARKETING_VERSION = 1.0;
				PRODUCT_BUNDLE_IDENTIFIER = BitWyze.MacAppWithHelperApp;
				PRODUCT_NAME = "$(TARGET_NAME)";
				SWIFT_EMIT_LOC_STRINGS = YES;
				SWIFT_VERSION = 5.0;
			};
			name = Debug;
		};
		019FDA4E28805B4500E34F43 /* Release */ = {
			isa = XCBuildConfiguration;
			buildSettings = {
				ASSETCATALOG_COMPILER_APPICON_NAME = AppIcon;
				ASSETCATALOG_COMPILER_GLOBAL_ACCENT_COLOR_NAME = AccentColor;
				CODE_SIGN_ENTITLEMENTS = MacAppWithHelperApp/MacAppWithHelperApp.entitlements;
				CODE_SIGN_STYLE = Automatic;
				COMBINE_HIDPI_IMAGES = YES;
				CURRENT_PROJECT_VERSION = 1;
				DEVELOPMENT_TEAM = KCL29RH4A8;
				ENABLE_HARDENED_RUNTIME = YES;
				GENERATE_INFOPLIST_FILE = YES;
				INFOPLIST_FILE = MacAppWithHelperApp/Info.plist;
				INFOPLIST_KEY_NSHumanReadableCopyright = "";
				INFOPLIST_KEY_NSPrincipalClass = NSApplication;
				LD_RUNPATH_SEARCH_PATHS = (
					"$(inherited)",
					"@executable_path/../Frameworks",
				);
				MARKETING_VERSION = 1.0;
				PRODUCT_BUNDLE_IDENTIFIER = BitWyze.MacAppWithHelperApp;
				PRODUCT_NAME = "$(TARGET_NAME)";
				SWIFT_EMIT_LOC_STRINGS = YES;
				SWIFT_VERSION = 5.0;
			};
			name = Release;
		};
/* End XCBuildConfiguration section */

/* Begin XCConfigurationList section */
		019FDA3828805B4400E34F43 /* Build configuration list for PBXProject "MacAppWithHelperApp" */ = {
			isa = XCConfigurationList;
			buildConfigurations = (
				019FDA4A28805B4500E34F43 /* Debug */,
				019FDA4B28805B4500E34F43 /* Release */,
			);
			defaultConfigurationIsVisible = 0;
			defaultConfigurationName = Release;
		};
		019FDA4C28805B4500E34F43 /* Build configuration list for PBXNativeTarget "MacAppWithHelperApp" */ = {
			isa = XCConfigurationList;
			buildConfigurations = (
				019FDA4D28805B4500E34F43 /* Debug */,
				019FDA4E28805B4500E34F43 /* Release */,
			);
			defaultConfigurationIsVisible = 0;
			defaultConfigurationName = Release;
		};
/* End XCConfigurationList section */
	};
	rootObject = 019FDA3528805B4400E34F43 /* Project object */;
}
